
Microsoft Visual Studio Solution File, Format Version 12.00
# Visual Studio Version 17
VisualStudioVersion = 17.7.34031.279
MinimumVisualStudioVersion = 10.0.40219.1
Project("{FAE04EC0-301F-11D3-BF4B-00C04F79EFBC}") = "WebApp", "WebApp\WebApp.csproj", "{BC03AEE1-CF25-464A-BB61-DD5C04EAE9F0}"
EndProject
Global
	GlobalSection(SolutionConfigurationPlatforms) = preSolution
		Debug|Any CPU = Debug|Any CPU
		Release|Any CPU = Release|Any CPU
	EndGlobalSection
	GlobalSection(ProjectConfigurationPlatforms) = postSolution
		{BC03AEE1-CF25-464A-BB61-DD5C04EAE9F0}.Debug|Any CPU.ActiveCfg = Debug|Any CPU
		{BC03AEE1-CF25-464A-BB61-DD5C04EAE9F0}.Debug|Any CPU.Build.0 = Debug|Any CPU
		{BC03AEE1-CF25-464A-BB61-DD5C04EAE9F0}.Release|Any CPU.ActiveCfg = Release|Any CPU
		{BC03AEE1-CF25-464A-BB61-DD5C04EAE9F0}.Release|Any CPU.Build.0 = Release|Any CPU
	EndGlobalSection
	GlobalSection(SolutionProperties) = preSolution
		HideSolutionNode = FALSE
	EndGlobalSection
	GlobalSection(ExtensibilityGlobals) = postSolution
		SolutionGuid = {4E1D5E4B-5835-4F14-B0D4-F29777823D0E}
	EndGlobalSection
EndGlobal
